// !$*UTF8*$!
{
	archiveVersion = 1;
	classes = {
	};
	objectVersion = 52;
	objects = {

/* Begin PBXBuildFile section */
		0806459F2599EBAE00FF1401 /* CategoryViewModel.swift in Sources */ = {isa = PBXBuildFile; fileRef = 0806459E2599EBAE00FF1401 /* CategoryViewModel.swift */; };
		083055412598A62D006F758C /* SDWebImageSwiftUI in Frameworks */ = {isa = PBXBuildFile; productRef = 083055402598A62D006F758C /* SDWebImageSwiftUI */; };
		083399B52599FF2B00191633 /* User.swift in Sources */ = {isa = PBXBuildFile; fileRef = 083399B42599FF2B00191633 /* User.swift */; };
		083399BC259A01A100191633 /* UserViewModel.swift in Sources */ = {isa = PBXBuildFile; fileRef = 083399BB259A01A100191633 /* UserViewModel.swift */; };
		08684CBD259C723100C45AEF /* Periphery.swift in Sources */ = {isa = PBXBuildFile; fileRef = 08684CBC259C723100C45AEF /* Periphery.swift */; };
		089FAD152595B21600EBC06C /* MellowCocoApp.swift in Sources */ = {isa = PBXBuildFile; fileRef = 089FAD142595B21600EBC06C /* MellowCocoApp.swift */; };
		089FAD172595B21600EBC06C /* ContentView.swift in Sources */ = {isa = PBXBuildFile; fileRef = 089FAD162595B21600EBC06C /* ContentView.swift */; };
		089FAD192595B21700EBC06C /* Assets.xcassets in Resources */ = {isa = PBXBuildFile; fileRef = 089FAD182595B21700EBC06C /* Assets.xcassets */; };
		089FAD1C2595B21700EBC06C /* Preview Assets.xcassets in Resources */ = {isa = PBXBuildFile; fileRef = 089FAD1B2595B21700EBC06C /* Preview Assets.xcassets */; };
		089FAD1E2595B21700EBC06C /* Persistence.swift in Sources */ = {isa = PBXBuildFile; fileRef = 089FAD1D2595B21700EBC06C /* Persistence.swift */; };
		089FAD212595B21700EBC06C /* MellowCoco.xcdatamodeld in Sources */ = {isa = PBXBuildFile; fileRef = 089FAD1F2595B21700EBC06C /* MellowCoco.xcdatamodeld */; };
		089FAD2A2595B39A00EBC06C /* WelcomeView.swift in Sources */ = {isa = PBXBuildFile; fileRef = 089FAD292595B39A00EBC06C /* WelcomeView.swift */; };
		08BEC45C2596F656004DE900 /* Moya in Frameworks */ = {isa = PBXBuildFile; productRef = 08BEC45B2596F656004DE900 /* Moya */; };
		08BEC462259705B3004DE900 /* Category.swift in Sources */ = {isa = PBXBuildFile; fileRef = 08BEC461259705B3004DE900 /* Category.swift */; };
		08BEC46625970751004DE900 /* Result.swift in Sources */ = {isa = PBXBuildFile; fileRef = 08BEC46525970751004DE900 /* Result.swift */; };
		08BEC46A2597095E004DE900 /* RequestAPI.swift in Sources */ = {isa = PBXBuildFile; fileRef = 08BEC4692597095E004DE900 /* RequestAPI.swift */; };
		08BEC470259727F5004DE900 /* CocoNetwork.swift in Sources */ = {isa = PBXBuildFile; fileRef = 08BEC46F259727F5004DE900 /* CocoNetwork.swift */; };
		08C8705B259B361100A6DB12 /* Theme.swift in Sources */ = {isa = PBXBuildFile; fileRef = 08C8705A259B361100A6DB12 /* Theme.swift */; };
		08C8705E259B387D00A6DB12 /* ThemeView.swift in Sources */ = {isa = PBXBuildFile; fileRef = 08C8705D259B387D00A6DB12 /* ThemeView.swift */; };
		08E450C625974BDC007E3618 /* BottomView.swift in Sources */ = {isa = PBXBuildFile; fileRef = 08E450C525974BDC007E3618 /* BottomView.swift */; };
		08E450C9259750E0007E3618 /* OrderView.swift in Sources */ = {isa = PBXBuildFile; fileRef = 08E450C8259750E0007E3618 /* OrderView.swift */; };
		08E450CC25975C3E007E3618 /* IndentView.swift in Sources */ = {isa = PBXBuildFile; fileRef = 08E450CB25975C3E007E3618 /* IndentView.swift */; };
		08E450CF25975C78007E3618 /* ShopView.swift in Sources */ = {isa = PBXBuildFile; fileRef = 08E450CE25975C78007E3618 /* ShopView.swift */; };
		08E450D225975C8E007E3618 /* MyInfoView.swift in Sources */ = {isa = PBXBuildFile; fileRef = 08E450D125975C8E007E3618 /* MyInfoView.swift */; };
		08E450D525975E97007E3618 /* Product.swift in Sources */ = {isa = PBXBuildFile; fileRef = 08E450D425975E97007E3618 /* Product.swift */; };
		08E450D9259762F3007E3618 /* ProductViewModel.swift in Sources */ = {isa = PBXBuildFile; fileRef = 08E450D8259762F3007E3618 /* ProductViewModel.swift */; };
		08E450DC259768EC007E3618 /* Attribute.swift in Sources */ = {isa = PBXBuildFile; fileRef = 08E450DB259768EC007E3618 /* Attribute.swift */; };
/* End PBXBuildFile section */

/* Begin PBXFileReference section */
		0806459E2599EBAE00FF1401 /* CategoryViewModel.swift */ = {isa = PBXFileReference; lastKnownFileType = sourcecode.swift; path = CategoryViewModel.swift; sourceTree = "<group>"; };
		083399B42599FF2B00191633 /* User.swift */ = {isa = PBXFileReference; lastKnownFileType = sourcecode.swift; path = User.swift; sourceTree = "<group>"; };
		083399BB259A01A100191633 /* UserViewModel.swift */ = {isa = PBXFileReference; lastKnownFileType = sourcecode.swift; path = UserViewModel.swift; sourceTree = "<group>"; };
		08684CBC259C723100C45AEF /* Periphery.swift */ = {isa = PBXFileReference; lastKnownFileType = sourcecode.swift; path = Periphery.swift; sourceTree = "<group>"; };
		089FAD112595B21600EBC06C /* MellowCoco.app */ = {isa = PBXFileReference; explicitFileType = wrapper.application; includeInIndex = 0; path = MellowCoco.app; sourceTree = BUILT_PRODUCTS_DIR; };
		089FAD142595B21600EBC06C /* MellowCocoApp.swift */ = {isa = PBXFileReference; lastKnownFileType = sourcecode.swift; path = MellowCocoApp.swift; sourceTree = "<group>"; };
		089FAD162595B21600EBC06C /* ContentView.swift */ = {isa = PBXFileReference; lastKnownFileType = sourcecode.swift; path = ContentView.swift; sourceTree = "<group>"; };
		089FAD182595B21700EBC06C /* Assets.xcassets */ = {isa = PBXFileReference; lastKnownFileType = folder.assetcatalog; path = Assets.xcassets; sourceTree = "<group>"; };
		089FAD1B2595B21700EBC06C /* Preview Assets.xcassets */ = {isa = PBXFileReference; lastKnownFileType = folder.assetcatalog; path = "Preview Assets.xcassets"; sourceTree = "<group>"; };
		089FAD1D2595B21700EBC06C /* Persistence.swift */ = {isa = PBXFileReference; lastKnownFileType = sourcecode.swift; path = Persistence.swift; sourceTree = "<group>"; };
		089FAD202595B21700EBC06C /* MellowCoco.xcdatamodel */ = {isa = PBXFileReference; lastKnownFileType = wrapper.xcdatamodel; path = MellowCoco.xcdatamodel; sourceTree = "<group>"; };
		089FAD222595B21700EBC06C /* Info.plist */ = {isa = PBXFileReference; lastKnownFileType = text.plist.xml; path = Info.plist; sourceTree = "<group>"; };
		089FAD292595B39A00EBC06C /* WelcomeView.swift */ = {isa = PBXFileReference; lastKnownFileType = sourcecode.swift; path = WelcomeView.swift; sourceTree = "<group>"; };
		08BEC461259705B3004DE900 /* Category.swift */ = {isa = PBXFileReference; lastKnownFileType = sourcecode.swift; path = Category.swift; sourceTree = "<group>"; };
		08BEC46525970751004DE900 /* Result.swift */ = {isa = PBXFileReference; lastKnownFileType = sourcecode.swift; path = Result.swift; sourceTree = "<group>"; };
		08BEC4692597095E004DE900 /* RequestAPI.swift */ = {isa = PBXFileReference; lastKnownFileType = sourcecode.swift; path = RequestAPI.swift; sourceTree = "<group>"; };
		08BEC46F259727F5004DE900 /* CocoNetwork.swift */ = {isa = PBXFileReference; lastKnownFileType = sourcecode.swift; path = CocoNetwork.swift; sourceTree = "<group>"; };
		08C8705A259B361100A6DB12 /* Theme.swift */ = {isa = PBXFileReference; lastKnownFileType = sourcecode.swift; path = Theme.swift; sourceTree = "<group>"; };
		08C8705D259B387D00A6DB12 /* ThemeView.swift */ = {isa = PBXFileReference; lastKnownFileType = sourcecode.swift; path = ThemeView.swift; sourceTree = "<group>"; };
		08E450C525974BDC007E3618 /* BottomView.swift */ = {isa = PBXFileReference; lastKnownFileType = sourcecode.swift; path = BottomView.swift; sourceTree = "<group>"; };
		08E450C8259750E0007E3618 /* OrderView.swift */ = {isa = PBXFileReference; lastKnownFileType = sourcecode.swift; path = OrderView.swift; sourceTree = "<group>"; };
		08E450CB25975C3E007E3618 /* IndentView.swift */ = {isa = PBXFileReference; lastKnownFileType = sourcecode.swift; path = IndentView.swift; sourceTree = "<group>"; };
		08E450CE25975C78007E3618 /* ShopView.swift */ = {isa = PBXFileReference; lastKnownFileType = sourcecode.swift; path = ShopView.swift; sourceTree = "<group>"; };
		08E450D125975C8E007E3618 /* MyInfoView.swift */ = {isa = PBXFileReference; lastKnownFileType = sourcecode.swift; path = MyInfoView.swift; sourceTree = "<group>"; };
		08E450D425975E97007E3618 /* Product.swift */ = {isa = PBXFileReference; lastKnownFileType = sourcecode.swift; path = Product.swift; sourceTree = "<group>"; };
		08E450D8259762F3007E3618 /* ProductViewModel.swift */ = {isa = PBXFileReference; lastKnownFileType = sourcecode.swift; path = ProductViewModel.swift; sourceTree = "<group>"; };
		08E450DB259768EC007E3618 /* Attribute.swift */ = {isa = PBXFileReference; lastKnownFileType = sourcecode.swift; path = Attribute.swift; sourceTree = "<group>"; };
/* End PBXFileReference section */

/* Begin PBXFrameworksBuildPhase section */
		089FAD0E2595B21600EBC06C /* Frameworks */ = {
			isa = PBXFrameworksBuildPhase;
			buildActionMask = 2147483647;
			files = (
				083055412598A62D006F758C /* SDWebImageSwiftUI in Frameworks */,
				08BEC45C2596F656004DE900 /* Moya in Frameworks */,
			);
			runOnlyForDeploymentPostprocessing = 0;
		};
/* End PBXFrameworksBuildPhase section */

/* Begin PBXGroup section */
		089FAD082595B21600EBC06C = {
			isa = PBXGroup;
			children = (
				089FAD132595B21600EBC06C /* MellowCoco */,
				089FAD122595B21600EBC06C /* Products */,
			);
			sourceTree = "<group>";
		};
		089FAD122595B21600EBC06C /* Products */ = {
			isa = PBXGroup;
			children = (
				089FAD112595B21600EBC06C /* MellowCoco.app */,
			);
			name = Products;
			sourceTree = "<group>";
		};
		089FAD132595B21600EBC06C /* MellowCoco */ = {
			isa = PBXGroup;
			children = (
				08BEC46825970857004DE900 /* API */,
				08BEC46025970565004DE900 /* ViewModel */,
				08BEC45F2597055D004DE900 /* Model */,
				08BEC45E2597054A004DE900 /* View */,
				089FAD142595B21600EBC06C /* MellowCocoApp.swift */,
				089FAD162595B21600EBC06C /* ContentView.swift */,
				089FAD182595B21700EBC06C /* Assets.xcassets */,
				089FAD1D2595B21700EBC06C /* Persistence.swift */,
				089FAD222595B21700EBC06C /* Info.plist */,
				089FAD1F2595B21700EBC06C /* MellowCoco.xcdatamodeld */,
				089FAD1A2595B21700EBC06C /* Preview Content */,
			);
			path = MellowCoco;
			sourceTree = "<group>";
		};
		089FAD1A2595B21700EBC06C /* Preview Content */ = {
			isa = PBXGroup;
			children = (
				089FAD1B2595B21700EBC06C /* Preview Assets.xcassets */,
			);
			path = "Preview Content";
			sourceTree = "<group>";
		};
		08BEC45E2597054A004DE900 /* View */ = {
			isa = PBXGroup;
			children = (
				08E450CB25975C3E007E3618 /* IndentView.swift */,
				08E450C525974BDC007E3618 /* BottomView.swift */,
				089FAD292595B39A00EBC06C /* WelcomeView.swift */,
				08E450C8259750E0007E3618 /* OrderView.swift */,
				08E450CE25975C78007E3618 /* ShopView.swift */,
				08E450D125975C8E007E3618 /* MyInfoView.swift */,
				08C8705D259B387D00A6DB12 /* ThemeView.swift */,
			);
			path = View;
			sourceTree = "<group>";
		};
		08BEC45F2597055D004DE900 /* Model */ = {
			isa = PBXGroup;
			children = (
				08BEC461259705B3004DE900 /* Category.swift */,
				08BEC46525970751004DE900 /* Result.swift */,
				08E450D425975E97007E3618 /* Product.swift */,
				08E450DB259768EC007E3618 /* Attribute.swift */,
				083399B42599FF2B00191633 /* User.swift */,
				08C8705A259B361100A6DB12 /* Theme.swift */,
				08684CBC259C723100C45AEF /* Periphery.swift */,
			);
			path = Model;
			sourceTree = "<group>";
		};
		08BEC46025970565004DE900 /* ViewModel */ = {
			isa = PBXGroup;
			children = (
				08E450D8259762F3007E3618 /* ProductViewModel.swift */,
				0806459E2599EBAE00FF1401 /* CategoryViewModel.swift */,
				083399BB259A01A100191633 /* UserViewModel.swift */,
			);
			path = ViewModel;
			sourceTree = "<group>";
		};
		08BEC46825970857004DE900 /* API */ = {
			isa = PBXGroup;
			children = (
				08BEC4692597095E004DE900 /* RequestAPI.swift */,
				08BEC46F259727F5004DE900 /* CocoNetwork.swift */,
			);
			path = API;
			sourceTree = "<group>";
		};
/* End PBXGroup section */

/* Begin PBXNativeTarget section */
		089FAD102595B21600EBC06C /* MellowCoco */ = {
			isa = PBXNativeTarget;
			buildConfigurationList = 089FAD252595B21700EBC06C /* Build configuration list for PBXNativeTarget "MellowCoco" */;
			buildPhases = (
				089FAD0D2595B21600EBC06C /* Sources */,
				089FAD0E2595B21600EBC06C /* Frameworks */,
				089FAD0F2595B21600EBC06C /* Resources */,
			);
			buildRules = (
			);
			dependencies = (
			);
			name = MellowCoco;
			packageProductDependencies = (
				08BEC45B2596F656004DE900 /* Moya */,
				083055402598A62D006F758C /* SDWebImageSwiftUI */,
			);
			productName = MellowCoco;
			productReference = 089FAD112595B21600EBC06C /* MellowCoco.app */;
			productType = "com.apple.product-type.application";
		};
/* End PBXNativeTarget section */

/* Begin PBXProject section */
		089FAD092595B21600EBC06C /* Project object */ = {
			isa = PBXProject;
			attributes = {
				LastSwiftUpdateCheck = 1220;
				LastUpgradeCheck = 1220;
				TargetAttributes = {
					089FAD102595B21600EBC06C = {
						CreatedOnToolsVersion = 12.2;
					};
				};
			};
			buildConfigurationList = 089FAD0C2595B21600EBC06C /* Build configuration list for PBXProject "MellowCoco" */;
			compatibilityVersion = "Xcode 9.3";
			developmentRegion = en;
			hasScannedForEncodings = 0;
			knownRegions = (
				en,
				Base,
			);
			mainGroup = 089FAD082595B21600EBC06C;
			packageReferences = (
				08BEC45A2596F656004DE900 /* XCRemoteSwiftPackageReference "Moya" */,
				0830553F2598A62D006F758C /* XCRemoteSwiftPackageReference "SDWebImageSwiftUI" */,
			);
			productRefGroup = 089FAD122595B21600EBC06C /* Products */;
			projectDirPath = "";
			projectRoot = "";
			targets = (
				089FAD102595B21600EBC06C /* MellowCoco */,
			);
		};
/* End PBXProject section */

/* Begin PBXResourcesBuildPhase section */
		089FAD0F2595B21600EBC06C /* Resources */ = {
			isa = PBXResourcesBuildPhase;
			buildActionMask = 2147483647;
			files = (
				089FAD1C2595B21700EBC06C /* Preview Assets.xcassets in Resources */,
				089FAD192595B21700EBC06C /* Assets.xcassets in Resources */,
			);
			runOnlyForDeploymentPostprocessing = 0;
		};
/* End PBXResourcesBuildPhase section */

/* Begin PBXSourcesBuildPhase section */
		089FAD0D2595B21600EBC06C /* Sources */ = {
			isa = PBXSourcesBuildPhase;
			buildActionMask = 2147483647;
			files = (
				08E450D225975C8E007E3618 /* MyInfoView.swift in Sources */,
				089FAD1E2595B21700EBC06C /* Persistence.swift in Sources */,
				089FAD172595B21600EBC06C /* ContentView.swift in Sources */,
				08BEC46A2597095E004DE900 /* RequestAPI.swift in Sources */,
				089FAD152595B21600EBC06C /* MellowCocoApp.swift in Sources */,
				08BEC470259727F5004DE900 /* CocoNetwork.swift in Sources */,
				08C8705B259B361100A6DB12 /* Theme.swift in Sources */,
				08E450D525975E97007E3618 /* Product.swift in Sources */,
				089FAD2A2595B39A00EBC06C /* WelcomeView.swift in Sources */,
				08BEC46625970751004DE900 /* Result.swift in Sources */,
				089FAD212595B21700EBC06C /* MellowCoco.xcdatamodeld in Sources */,
				08E450CC25975C3E007E3618 /* IndentView.swift in Sources */,
				08C8705E259B387D00A6DB12 /* ThemeView.swift in Sources */,
				08E450CF25975C78007E3618 /* ShopView.swift in Sources */,
				08E450C9259750E0007E3618 /* OrderView.swift in Sources */,
				083399BC259A01A100191633 /* UserViewModel.swift in Sources */,
				08BEC462259705B3004DE900 /* Category.swift in Sources */,
				08684CBD259C723100C45AEF /* Periphery.swift in Sources */,
				08E450D9259762F3007E3618 /* ProductViewModel.swift in Sources */,
				08E450DC259768EC007E3618 /* Attribute.swift in Sources */,
				0806459F2599EBAE00FF1401 /* CategoryViewModel.swift in Sources */,
				08E450C625974BDC007E3618 /* BottomView.swift in Sources */,
				083399B52599FF2B00191633 /* User.swift in Sources */,
			);
			runOnlyForDeploymentPostprocessing = 0;
		};
/* End PBXSourcesBuildPhase section */

/* Begin XCBuildConfiguration section */
		089FAD232595B21700EBC06C /* Debug */ = {
			isa = XCBuildConfiguration;
			buildSettings = {
				ALWAYS_SEARCH_USER_PATHS = NO;
				CLANG_ANALYZER_NONNULL = YES;
				CLANG_ANALYZER_NUMBER_OBJECT_CONVERSION = YES_AGGRESSIVE;
				CLANG_CXX_LANGUAGE_STANDARD = "gnu++14";
				CLANG_CXX_LIBRARY = "libc++";
				CLANG_ENABLE_MODULES = YES;
				CLANG_ENABLE_OBJC_ARC = YES;
				CLANG_ENABLE_OBJC_WEAK = YES;
				CLANG_WARN_BLOCK_CAPTURE_AUTORELEASING = YES;
				CLANG_WARN_BOOL_CONVERSION = YES;
				CLANG_WARN_COMMA = YES;
				CLANG_WARN_CONSTANT_CONVERSION = YES;
				CLANG_WARN_DEPRECATED_OBJC_IMPLEMENTATIONS = YES;
				CLANG_WARN_DIRECT_OBJC_ISA_USAGE = YES_ERROR;
				CLANG_WARN_DOCUMENTATION_COMMENTS = YES;
				CLANG_WARN_EMPTY_BODY = YES;
				CLANG_WARN_ENUM_CONVERSION = YES;
				CLANG_WARN_INFINITE_RECURSION = YES;
				CLANG_WARN_INT_CONVERSION = YES;
				CLANG_WARN_NON_LITERAL_NULL_CONVERSION = YES;
				CLANG_WARN_OBJC_IMPLICIT_RETAIN_SELF = YES;
				CLANG_WARN_OBJC_LITERAL_CONVERSION = YES;
				CLANG_WARN_OBJC_ROOT_CLASS = YES_ERROR;
				CLANG_WARN_QUOTED_INCLUDE_IN_FRAMEWORK_HEADER = YES;
				CLANG_WARN_RANGE_LOOP_ANALYSIS = YES;
				CLANG_WARN_STRICT_PROTOTYPES = YES;
				CLANG_WARN_SUSPICIOUS_MOVE = YES;
				CLANG_WARN_UNGUARDED_AVAILABILITY = YES_AGGRESSIVE;
				CLANG_WARN_UNREACHABLE_CODE = YES;
				CLANG_WARN__DUPLICATE_METHOD_MATCH = YES;
				COPY_PHASE_STRIP = NO;
				DEBUG_INFORMATION_FORMAT = dwarf;
				ENABLE_STRICT_OBJC_MSGSEND = YES;
				ENABLE_TESTABILITY = YES;
				GCC_C_LANGUAGE_STANDARD = gnu11;
				GCC_DYNAMIC_NO_PIC = NO;
				GCC_NO_COMMON_BLOCKS = YES;
				GCC_OPTIMIZATION_LEVEL = 0;
				GCC_PREPROCESSOR_DEFINITIONS = (
					"DEBUG=1",
					"$(inherited)",
				);
				GCC_WARN_64_TO_32_BIT_CONVERSION = YES;
				GCC_WARN_ABOUT_RETURN_TYPE = YES_ERROR;
				GCC_WARN_UNDECLARED_SELECTOR = YES;
				GCC_WARN_UNINITIALIZED_AUTOS = YES_AGGRESSIVE;
				GCC_WARN_UNUSED_FUNCTION = YES;
				GCC_WARN_UNUSED_VARIABLE = YES;
				IPHONEOS_DEPLOYMENT_TARGET = 14.2;
				MTL_ENABLE_DEBUG_INFO = INCLUDE_SOURCE;
				MTL_FAST_MATH = YES;
				ONLY_ACTIVE_ARCH = YES;
				SDKROOT = iphoneos;
				SWIFT_ACTIVE_COMPILATION_CONDITIONS = DEBUG;
				SWIFT_OPTIMIZATION_LEVEL = "-Onone";
			};
			name = Debug;
		};
		089FAD242595B21700EBC06C /* Release */ = {
			isa = XCBuildConfiguration;
			buildSettings = {
				ALWAYS_SEARCH_USER_PATHS = NO;
				CLANG_ANALYZER_NONNULL = YES;
				CLANG_ANALYZER_NUMBER_OBJECT_CONVERSION = YES_AGGRESSIVE;
				CLANG_CXX_LANGUAGE_STANDARD = "gnu++14";
				CLANG_CXX_LIBRARY = "libc++";
				CLANG_ENABLE_MODULES = YES;
				CLANG_ENABLE_OBJC_ARC = YES;
				CLANG_ENABLE_OBJC_WEAK = YES;
				CLANG_WARN_BLOCK_CAPTURE_AUTORELEASING = YES;
				CLANG_WARN_BOOL_CONVERSION = YES;
				CLANG_WARN_COMMA = YES;
				CLANG_WARN_CONSTANT_CONVERSION = YES;
				CLANG_WARN_DEPRECATED_OBJC_IMPLEMENTATIONS = YES;
				CLANG_WARN_DIRECT_OBJC_ISA_USAGE = YES_ERROR;
				CLANG_WARN_DOCUMENTATION_COMMENTS = YES;
				CLANG_WARN_EMPTY_BODY = YES;
				CLANG_WARN_ENUM_CONVERSION = YES;
				CLANG_WARN_INFINITE_RECURSION = YES;
				CLANG_WARN_INT_CONVERSION = YES;
				CLANG_WARN_NON_LITERAL_NULL_CONVERSION = YES;
				CLANG_WARN_OBJC_IMPLICIT_RETAIN_SELF = YES;
				CLANG_WARN_OBJC_LITERAL_CONVERSION = YES;
				CLANG_WARN_OBJC_ROOT_CLASS = YES_ERROR;
				CLANG_WARN_QUOTED_INCLUDE_IN_FRAMEWORK_HEADER = YES;
				CLANG_WARN_RANGE_LOOP_ANALYSIS = YES;
				CLANG_WARN_STRICT_PROTOTYPES = YES;
				CLANG_WARN_SUSPICIOUS_MOVE = YES;
				CLANG_WARN_UNGUARDED_AVAILABILITY = YES_AGGRESSIVE;
				CLANG_WARN_UNREACHABLE_CODE = YES;
				CLANG_WARN__DUPLICATE_METHOD_MATCH = YES;
				COPY_PHASE_STRIP = NO;
				DEBUG_INFORMATION_FORMAT = "dwarf-with-dsym";
				ENABLE_NS_ASSERTIONS = NO;
				ENABLE_STRICT_OBJC_MSGSEND = YES;
				GCC_C_LANGUAGE_STANDARD = gnu11;
				GCC_NO_COMMON_BLOCKS = YES;
				GCC_WARN_64_TO_32_BIT_CONVERSION = YES;
				GCC_WARN_ABOUT_RETURN_TYPE = YES_ERROR;
				GCC_WARN_UNDECLARED_SELECTOR = YES;
				GCC_WARN_UNINITIALIZED_AUTOS = YES_AGGRESSIVE;
				GCC_WARN_UNUSED_FUNCTION = YES;
				GCC_WARN_UNUSED_VARIABLE = YES;
				IPHONEOS_DEPLOYMENT_TARGET = 14.2;
				MTL_ENABLE_DEBUG_INFO = NO;
				MTL_FAST_MATH = YES;
				SDKROOT = iphoneos;
				SWIFT_COMPILATION_MODE = wholemodule;
				SWIFT_OPTIMIZATION_LEVEL = "-O";
				VALIDATE_PRODUCT = YES;
			};
			name = Release;
		};
		089FAD262595B21700EBC06C /* Debug */ = {
			isa = XCBuildConfiguration;
			buildSettings = {
				ASSETCATALOG_COMPILER_APPICON_NAME = AppIcon;
				ASSETCATALOG_COMPILER_GLOBAL_ACCENT_COLOR_NAME = AccentColor;
				CODE_SIGN_STYLE = Automatic;
				DEVELOPMENT_ASSET_PATHS = "\"MellowCoco/Preview Content\"";
				ENABLE_PREVIEWS = YES;
				INFOPLIST_FILE = MellowCoco/Info.plist;
				IPHONEOS_DEPLOYMENT_TARGET = 14.0;
				LD_RUNPATH_SEARCH_PATHS = (
					"$(inherited)",
					"@executable_path/Frameworks",
				);
				PRODUCT_BUNDLE_IDENTIFIER = com.chase.MellowCoco;
				PRODUCT_NAME = "$(TARGET_NAME)";
				SWIFT_VERSION = 5.0;
				TARGETED_DEVICE_FAMILY = "1,2";
			};
			name = Debug;
		};
		089FAD272595B21700EBC06C /* Release */ = {
			isa = XCBuildConfiguration;
			buildSettings = {
				ASSETCATALOG_COMPILER_APPICON_NAME = AppIcon;
				ASSETCATALOG_COMPILER_GLOBAL_ACCENT_COLOR_NAME = AccentColor;
				CODE_SIGN_STYLE = Automatic;
				DEVELOPMENT_ASSET_PATHS = "\"MellowCoco/Preview Content\"";
				ENABLE_PREVIEWS = YES;
				INFOPLIST_FILE = MellowCoco/Info.plist;
				IPHONEOS_DEPLOYMENT_TARGET = 14.0;
				LD_RUNPATH_SEARCH_PATHS = (
					"$(inherited)",
					"@executable_path/Frameworks",
				);
				PRODUCT_BUNDLE_IDENTIFIER = com.chase.MellowCoco;
				PRODUCT_NAME = "$(TARGET_NAME)";
				SWIFT_VERSION = 5.0;
				TARGETED_DEVICE_FAMILY = "1,2";
			};
			name = Release;
		};
/* End XCBuildConfiguration section */

/* Begin XCConfigurationList section */
		089FAD0C2595B21600EBC06C /* Build configuration list for PBXProject "MellowCoco" */ = {
			isa = XCConfigurationList;
			buildConfigurations = (
				089FAD232595B21700EBC06C /* Debug */,
				089FAD242595B21700EBC06C /* Release */,
			);
			defaultConfigurationIsVisible = 0;
			defaultConfigurationName = Release;
		};
		089FAD252595B21700EBC06C /* Build configuration list for PBXNativeTarget "MellowCoco" */ = {
			isa = XCConfigurationList;
			buildConfigurations = (
				089FAD262595B21700EBC06C /* Debug */,
				089FAD272595B21700EBC06C /* Release */,
			);
			defaultConfigurationIsVisible = 0;
			defaultConfigurationName = Release;
		};
/* End XCConfigurationList section */

/* Begin XCRemoteSwiftPackageReference section */
		0830553F2598A62D006F758C /* XCRemoteSwiftPackageReference "SDWebImageSwiftUI" */ = {
			isa = XCRemoteSwiftPackageReference;
			repositoryURL = "https://github.com/SDWebImage/SDWebImageSwiftUI.git";
			requirement = {
				kind = upToNextMajorVersion;
				minimumVersion = 1.5.0;
			};
		};
		08BEC45A2596F656004DE900 /* XCRemoteSwiftPackageReference "Moya" */ = {
			isa = XCRemoteSwiftPackageReference;
			repositoryURL = "https://github.com/Moya/Moya.git";
			requirement = {
				kind = upToNextMajorVersion;
				minimumVersion = 14.0.0;
			};
		};
/* End XCRemoteSwiftPackageReference section */

/* Begin XCSwiftPackageProductDependency section */
		083055402598A62D006F758C /* SDWebImageSwiftUI */ = {
			isa = XCSwiftPackageProductDependency;
			package = 0830553F2598A62D006F758C /* XCRemoteSwiftPackageReference "SDWebImageSwiftUI" */;
			productName = SDWebImageSwiftUI;
		};
		08BEC45B2596F656004DE900 /* Moya */ = {
			isa = XCSwiftPackageProductDependency;
			package = 08BEC45A2596F656004DE900 /* XCRemoteSwiftPackageReference "Moya" */;
			productName = Moya;
		};
/* End XCSwiftPackageProductDependency section */

/* Begin XCVersionGroup section */
		089FAD1F2595B21700EBC06C /* MellowCoco.xcdatamodeld */ = {
			isa = XCVersionGroup;
			children = (
				089FAD202595B21700EBC06C /* MellowCoco.xcdatamodel */,
			);
			currentVersion = 089FAD202595B21700EBC06C /* MellowCoco.xcdatamodel */;
			path = MellowCoco.xcdatamodeld;
			sourceTree = "<group>";
			versionGroupType = wrapper.xcdatamodel;
		};
/* End XCVersionGroup section */
	};
	rootObject = 089FAD092595B21600EBC06C /* Project object */;
}
